
Microsoft Visual Studio Solution File, Format Version 12.00
# Visual Studio Version 16
VisualStudioVersion = 16.0.31112.23
MinimumVisualStudioVersion = 10.0.40219.1
Project("{2150E333-8FDC-42A3-9474-1A3956D46DE8}") = "Services", "Services", "{4DA2F26B-80FC-448B-A4A1-C4C3C703EF91}"
EndProject
Project("{2150E333-8FDC-42A3-9474-1A3956D46DE8}") = "Catalog", "Catalog", "{CB84C6BF-4B87-4B80-A6EB-35655D8F2700}"
EndProject
Project("{9A19103F-16F7-4668-BE54-9A1E7A4F7556}") = "Catalog.API", "Services\Catalog\Catalog.API\Catalog.API.csproj", "{2AFBA9E8-ABD3-4548-93AE-811BFA45CB9F}"
EndProject
Project("{2150E333-8FDC-42A3-9474-1A3956D46DE8}") = "Basket", "Basket", "{D89E592C-6CA7-47D8-9428-40CE5B1AB6B2}"
EndProject
Project("{9A19103F-16F7-4668-BE54-9A1E7A4F7556}") = "Basket.API", "Services\Basket\Basket.API\Basket.API.csproj", "{94C7C4B1-81F6-4BF2-8AA2-51774CD93407}"
EndProject
Project("{2150E333-8FDC-42A3-9474-1A3956D46DE8}") = "Discount", "Discount", "{F84910A0-AF5F-412A-AB74-3A515D5F487F}"
EndProject
Project("{9A19103F-16F7-4668-BE54-9A1E7A4F7556}") = "Discount.API", "Services\Discount\Discount.API\Discount.API.csproj", "{FAD4A9EB-E3F1-48A6-817C-BE7D27551F87}"
EndProject
Project("{2150E333-8FDC-42A3-9474-1A3956D46DE8}") = "Ordering", "Ordering", "{578DF536-A1F7-4FB8-B86B-C030C0FF2226}"
EndProject
Project("{9A19103F-16F7-4668-BE54-9A1E7A4F7556}") = "Ordering.API", "Services\Ordering\Ordering.API\Ordering.API.csproj", "{8C32F5F2-3CF2-40CC-BA1A-158C6278FEE1}"
EndProject
Project("{9A19103F-16F7-4668-BE54-9A1E7A4F7556}") = "Ordering.Domain", "Services\Ordering\Ordering.Domain\Ordering.Domain.csproj", "{DCBBEE18-B8CB-4FFE-B24F-C698F52B9FBF}"
EndProject
Project("{9A19103F-16F7-4668-BE54-9A1E7A4F7556}") = "Ordering.Application", "Services\Ordering\Ordering.Application\Ordering.Application.csproj", "{D0CD53AB-9B9B-4A38-B67B-D678E7177F5E}"
EndProject
Project("{9A19103F-16F7-4668-BE54-9A1E7A4F7556}") = "Ordering.Infrastructure", "Services\Ordering\Ordering.Infrastructure\Ordering.Infrastructure.csproj", "{A1B98D9D-1E67-4C23-95E0-DE773E5B2F5F}"
EndProject
Project("{2150E333-8FDC-42A3-9474-1A3956D46DE8}") = "BuildingBlocks", "BuildingBlocks", "{56F46817-A627-4118-AC27-3658A8D02116}"
EndProject
Project("{9A19103F-16F7-4668-BE54-9A1E7A4F7556}") = "EventBus.Messages", "BuildinBlock\EventBus.Message\EventBus.Messages.csproj", "{8B03FC5A-B1B6-4A94-8281-52E9241331A0}"
EndProject
Project("{2150E333-8FDC-42A3-9474-1A3956D46DE8}") = "ApiGateways", "ApiGateways", "{C803A566-4FBF-4098-9CBE-65ABF05C38E6}"
EndProject
Project("{FAE04EC0-301F-11D3-BF4B-00C04F79EFBC}") = "OcelotApiGw", "ApiGateWay\OcelotApiGw\OcelotApiGw.csproj", "{0BAC92FC-E452-4829-97CB-46DD181C7122}"
EndProject
Global
	GlobalSection(SolutionConfigurationPlatforms) = preSolution
		Debug|Any CPU = Debug|Any CPU
		Release|Any CPU = Release|Any CPU
	EndGlobalSection
	GlobalSection(ProjectConfigurationPlatforms) = postSolution
		{2AFBA9E8-ABD3-4548-93AE-811BFA45CB9F}.Debug|Any CPU.ActiveCfg = Debug|Any CPU
		{2AFBA9E8-ABD3-4548-93AE-811BFA45CB9F}.Debug|Any CPU.Build.0 = Debug|Any CPU
		{2AFBA9E8-ABD3-4548-93AE-811BFA45CB9F}.Release|Any CPU.ActiveCfg = Release|Any CPU
		{2AFBA9E8-ABD3-4548-93AE-811BFA45CB9F}.Release|Any CPU.Build.0 = Release|Any CPU
		{94C7C4B1-81F6-4BF2-8AA2-51774CD93407}.Debug|Any CPU.ActiveCfg = Debug|Any CPU
		{94C7C4B1-81F6-4BF2-8AA2-51774CD93407}.Debug|Any CPU.Build.0 = Debug|Any CPU
		{94C7C4B1-81F6-4BF2-8AA2-51774CD93407}.Release|Any CPU.ActiveCfg = Release|Any CPU
		{94C7C4B1-81F6-4BF2-8AA2-51774CD93407}.Release|Any CPU.Build.0 = Release|Any CPU
		{FAD4A9EB-E3F1-48A6-817C-BE7D27551F87}.Debug|Any CPU.ActiveCfg = Debug|Any CPU
		{FAD4A9EB-E3F1-48A6-817C-BE7D27551F87}.Debug|Any CPU.Build.0 = Debug|Any CPU
		{FAD4A9EB-E3F1-48A6-817C-BE7D27551F87}.Release|Any CPU.ActiveCfg = Release|Any CPU
		{FAD4A9EB-E3F1-48A6-817C-BE7D27551F87}.Release|Any CPU.Build.0 = Release|Any CPU
		{8C32F5F2-3CF2-40CC-BA1A-158C6278FEE1}.Debug|Any CPU.ActiveCfg = Debug|Any CPU
		{8C32F5F2-3CF2-40CC-BA1A-158C6278FEE1}.Debug|Any CPU.Build.0 = Debug|Any CPU
		{8C32F5F2-3CF2-40CC-BA1A-158C6278FEE1}.Release|Any CPU.ActiveCfg = Release|Any CPU
		{8C32F5F2-3CF2-40CC-BA1A-158C6278FEE1}.Release|Any CPU.Build.0 = Release|Any CPU
		{DCBBEE18-B8CB-4FFE-B24F-C698F52B9FBF}.Debug|Any CPU.ActiveCfg = Debug|Any CPU
		{DCBBEE18-B8CB-4FFE-B24F-C698F52B9FBF}.Debug|Any CPU.Build.0 = Debug|Any CPU
		{DCBBEE18-B8CB-4FFE-B24F-C698F52B9FBF}.Release|Any CPU.ActiveCfg = Release|Any CPU
		{DCBBEE18-B8CB-4FFE-B24F-C698F52B9FBF}.Release|Any CPU.Build.0 = Release|Any CPU
		{D0CD53AB-9B9B-4A38-B67B-D678E7177F5E}.Debug|Any CPU.ActiveCfg = Debug|Any CPU
		{D0CD53AB-9B9B-4A38-B67B-D678E7177F5E}.Debug|Any CPU.Build.0 = Debug|Any CPU
		{D0CD53AB-9B9B-4A38-B67B-D678E7177F5E}.Release|Any CPU.ActiveCfg = Release|Any CPU
		{D0CD53AB-9B9B-4A38-B67B-D678E7177F5E}.Release|Any CPU.Build.0 = Release|Any CPU
		{A1B98D9D-1E67-4C23-95E0-DE773E5B2F5F}.Debug|Any CPU.ActiveCfg = Debug|Any CPU
		{A1B98D9D-1E67-4C23-95E0-DE773E5B2F5F}.Debug|Any CPU.Build.0 = Debug|Any CPU
		{A1B98D9D-1E67-4C23-95E0-DE773E5B2F5F}.Release|Any CPU.ActiveCfg = Release|Any CPU
		{A1B98D9D-1E67-4C23-95E0-DE773E5B2F5F}.Release|Any CPU.Build.0 = Release|Any CPU
		{8B03FC5A-B1B6-4A94-8281-52E9241331A0}.Debug|Any CPU.ActiveCfg = Debug|Any CPU
		{8B03FC5A-B1B6-4A94-8281-52E9241331A0}.Debug|Any CPU.Build.0 = Debug|Any CPU
		{8B03FC5A-B1B6-4A94-8281-52E9241331A0}.Release|Any CPU.ActiveCfg = Release|Any CPU
		{8B03FC5A-B1B6-4A94-8281-52E9241331A0}.Release|Any CPU.Build.0 = Release|Any CPU
		{0BAC92FC-E452-4829-97CB-46DD181C7122}.Debug|Any CPU.ActiveCfg = Debug|Any CPU
		{0BAC92FC-E452-4829-97CB-46DD181C7122}.Debug|Any CPU.Build.0 = Debug|Any CPU
		{0BAC92FC-E452-4829-97CB-46DD181C7122}.Release|Any CPU.ActiveCfg = Release|Any CPU
		{0BAC92FC-E452-4829-97CB-46DD181C7122}.Release|Any CPU.Build.0 = Release|Any CPU
	EndGlobalSection
	GlobalSection(SolutionProperties) = preSolution
		HideSolutionNode = FALSE
	EndGlobalSection
	GlobalSection(NestedProjects) = preSolution
		{CB84C6BF-4B87-4B80-A6EB-35655D8F2700} = {4DA2F26B-80FC-448B-A4A1-C4C3C703EF91}
		{2AFBA9E8-ABD3-4548-93AE-811BFA45CB9F} = {CB84C6BF-4B87-4B80-A6EB-35655D8F2700}
		{D89E592C-6CA7-47D8-9428-40CE5B1AB6B2} = {4DA2F26B-80FC-448B-A4A1-C4C3C703EF91}
		{94C7C4B1-81F6-4BF2-8AA2-51774CD93407} = {D89E592C-6CA7-47D8-9428-40CE5B1AB6B2}
		{F84910A0-AF5F-412A-AB74-3A515D5F487F} = {4DA2F26B-80FC-448B-A4A1-C4C3C703EF91}
		{FAD4A9EB-E3F1-48A6-817C-BE7D27551F87} = {F84910A0-AF5F-412A-AB74-3A515D5F487F}
		{578DF536-A1F7-4FB8-B86B-C030C0FF2226} = {4DA2F26B-80FC-448B-A4A1-C4C3C703EF91}
		{8C32F5F2-3CF2-40CC-BA1A-158C6278FEE1} = {578DF536-A1F7-4FB8-B86B-C030C0FF2226}
		{DCBBEE18-B8CB-4FFE-B24F-C698F52B9FBF} = {578DF536-A1F7-4FB8-B86B-C030C0FF2226}
		{D0CD53AB-9B9B-4A38-B67B-D678E7177F5E} = {578DF536-A1F7-4FB8-B86B-C030C0FF2226}
		{A1B98D9D-1E67-4C23-95E0-DE773E5B2F5F} = {578DF536-A1F7-4FB8-B86B-C030C0FF2226}
		{8B03FC5A-B1B6-4A94-8281-52E9241331A0} = {56F46817-A627-4118-AC27-3658A8D02116}
		{0BAC92FC-E452-4829-97CB-46DD181C7122} = {C803A566-4FBF-4098-9CBE-65ABF05C38E6}
	EndGlobalSection
	GlobalSection(ExtensibilityGlobals) = postSolution
		SolutionGuid = {C598A004-D09B-41AC-9342-A0C0A7B51319}
	EndGlobalSection
EndGlobal
